// !$*UTF8*$!
{
	archiveVersion = 1;
	classes = {
	};
	objectVersion = 50;
	objects = {

/* Begin PBXBuildFile section */
		165EC696210B7A9600F60C3D /* ConversionViewController.swift in Sources */ = {isa = PBXBuildFile; fileRef = 165EC695210B7A9600F60C3D /* ConversionViewController.swift */; };
		16D040642109561900F9019C /* AppDelegate.swift in Sources */ = {isa = PBXBuildFile; fileRef = 16D040632109561900F9019C /* AppDelegate.swift */; };
		16D040692109561900F9019C /* Main.storyboard in Resources */ = {isa = PBXBuildFile; fileRef = 16D040672109561900F9019C /* Main.storyboard */; };
		16D0406C2109561900F9019C /* Calculator_Final.xcdatamodeld in Sources */ = {isa = PBXBuildFile; fileRef = 16D0406A2109561900F9019C /* Calculator_Final.xcdatamodeld */; };
		16D0406E2109561A00F9019C /* Assets.xcassets in Resources */ = {isa = PBXBuildFile; fileRef = 16D0406D2109561A00F9019C /* Assets.xcassets */; };
		16D040712109561A00F9019C /* LaunchScreen.storyboard in Resources */ = {isa = PBXBuildFile; fileRef = 16D0406F2109561A00F9019C /* LaunchScreen.storyboard */; };
		16D0407C2109561A00F9019C /* Calculator_FinalTests.swift in Sources */ = {isa = PBXBuildFile; fileRef = 16D0407B2109561A00F9019C /* Calculator_FinalTests.swift */; };
		16D040872109561A00F9019C /* Calculator_FinalUITests.swift in Sources */ = {isa = PBXBuildFile; fileRef = 16D040862109561A00F9019C /* Calculator_FinalUITests.swift */; };
/* End PBXBuildFile section */

/* Begin PBXContainerItemProxy section */
		16D040782109561A00F9019C /* PBXContainerItemProxy */ = {
			isa = PBXContainerItemProxy;
			containerPortal = 16D040582109561900F9019C /* Project object */;
			proxyType = 1;
			remoteGlobalIDString = 16D0405F2109561900F9019C;
			remoteInfo = "Calculator-Final";
		};
		16D040832109561A00F9019C /* PBXContainerItemProxy */ = {
			isa = PBXContainerItemProxy;
			containerPortal = 16D040582109561900F9019C /* Project object */;
			proxyType = 1;
			remoteGlobalIDString = 16D0405F2109561900F9019C;
			remoteInfo = "Calculator-Final";
		};
/* End PBXContainerItemProxy section */

/* Begin PBXFileReference section */
		165EC695210B7A9600F60C3D /* ConversionViewController.swift */ = {isa = PBXFileReference; lastKnownFileType = sourcecode.swift; path = ConversionViewController.swift; sourceTree = "<group>"; };
		16D040602109561900F9019C /* Calculator-Final.app */ = {isa = PBXFileReference; explicitFileType = wrapper.application; includeInIndex = 0; path = "Calculator-Final.app"; sourceTree = BUILT_PRODUCTS_DIR; };
		16D040632109561900F9019C /* AppDelegate.swift */ = {isa = PBXFileReference; lastKnownFileType = sourcecode.swift; path = AppDelegate.swift; sourceTree = "<group>"; };
		16D040682109561900F9019C /* Base */ = {isa = PBXFileReference; lastKnownFileType = file.storyboard; name = Base; path = Base.lproj/Main.storyboard; sourceTree = "<group>"; };
		16D0406B2109561900F9019C /* Calculator_Final.xcdatamodel */ = {isa = PBXFileReference; lastKnownFileType = wrapper.xcdatamodel; path = Calculator_Final.xcdatamodel; sourceTree = "<group>"; };
		16D0406D2109561A00F9019C /* Assets.xcassets */ = {isa = PBXFileReference; lastKnownFileType = folder.assetcatalog; path = Assets.xcassets; sourceTree = "<group>"; };
		16D040702109561A00F9019C /* Base */ = {isa = PBXFileReference; lastKnownFileType = file.storyboard; name = Base; path = Base.lproj/LaunchScreen.storyboard; sourceTree = "<group>"; };
		16D040722109561A00F9019C /* Info.plist */ = {isa = PBXFileReference; lastKnownFileType = text.plist.xml; path = Info.plist; sourceTree = "<group>"; };
		16D040772109561A00F9019C /* Calculator-FinalTests.xctest */ = {isa = PBXFileReference; explicitFileType = wrapper.cfbundle; includeInIndex = 0; path = "Calculator-FinalTests.xctest"; sourceTree = BUILT_PRODUCTS_DIR; };
		16D0407B2109561A00F9019C /* Calculator_FinalTests.swift */ = {isa = PBXFileReference; lastKnownFileType = sourcecode.swift; path = Calculator_FinalTests.swift; sourceTree = "<group>"; };
		16D0407D2109561A00F9019C /* Info.plist */ = {isa = PBXFileReference; lastKnownFileType = text.plist.xml; path = Info.plist; sourceTree = "<group>"; };
		16D040822109561A00F9019C /* Calculator-FinalUITests.xctest */ = {isa = PBXFileReference; explicitFileType = wrapper.cfbundle; includeInIndex = 0; path = "Calculator-FinalUITests.xctest"; sourceTree = BUILT_PRODUCTS_DIR; };
		16D040862109561A00F9019C /* Calculator_FinalUITests.swift */ = {isa = PBXFileReference; lastKnownFileType = sourcecode.swift; path = Calculator_FinalUITests.swift; sourceTree = "<group>"; };
		16D040882109561A00F9019C /* Info.plist */ = {isa = PBXFileReference; lastKnownFileType = text.plist.xml; path = Info.plist; sourceTree = "<group>"; };
/* End PBXFileReference section */

/* Begin PBXFrameworksBuildPhase section */
		16D0405D2109561900F9019C /* Frameworks */ = {
			isa = PBXFrameworksBuildPhase;
			buildActionMask = 2147483647;
			files = (
			);
			runOnlyForDeploymentPostprocessing = 0;
		};
		16D040742109561A00F9019C /* Frameworks */ = {
			isa = PBXFrameworksBuildPhase;
			buildActionMask = 2147483647;
			files = (
			);
			runOnlyForDeploymentPostprocessing = 0;
		};
		16D0407F2109561A00F9019C /* Frameworks */ = {
			isa = PBXFrameworksBuildPhase;
			buildActionMask = 2147483647;
			files = (
			);
			runOnlyForDeploymentPostprocessing = 0;
		};
/* End PBXFrameworksBuildPhase section */

/* Begin PBXGroup section */
		16D040572109561900F9019C = {
			isa = PBXGroup;
			children = (
				16D040622109561900F9019C /* Calculator-Final */,
				16D0407A2109561A00F9019C /* Calculator-FinalTests */,
				16D040852109561A00F9019C /* Calculator-FinalUITests */,
				16D040612109561900F9019C /* Products */,
			);
			sourceTree = "<group>";
		};
		16D040612109561900F9019C /* Products */ = {
			isa = PBXGroup;
			children = (
				16D040602109561900F9019C /* Calculator-Final.app */,
				16D040772109561A00F9019C /* Calculator-FinalTests.xctest */,
				16D040822109561A00F9019C /* Calculator-FinalUITests.xctest */,
			);
			name = Products;
			sourceTree = "<group>";
		};
		16D040622109561900F9019C /* Calculator-Final */ = {
			isa = PBXGroup;
			children = (
				16D040632109561900F9019C /* AppDelegate.swift */,
				16D040672109561900F9019C /* Main.storyboard */,
				165EC695210B7A9600F60C3D /* ConversionViewController.swift */,
				16D0406D2109561A00F9019C /* Assets.xcassets */,
				16D0406F2109561A00F9019C /* LaunchScreen.storyboard */,
				16D040722109561A00F9019C /* Info.plist */,
				16D0406A2109561900F9019C /* Calculator_Final.xcdatamodeld */,
			);
			path = "Calculator-Final";
			sourceTree = "<group>";
		};
		16D0407A2109561A00F9019C /* Calculator-FinalTests */ = {
			isa = PBXGroup;
			children = (
				16D0407B2109561A00F9019C /* Calculator_FinalTests.swift */,
				16D0407D2109561A00F9019C /* Info.plist */,
			);
			path = "Calculator-FinalTests";
			sourceTree = "<group>";
		};
		16D040852109561A00F9019C /* Calculator-FinalUITests */ = {
			isa = PBXGroup;
			children = (
				16D040862109561A00F9019C /* Calculator_FinalUITests.swift */,
				16D040882109561A00F9019C /* Info.plist */,
			);
			path = "Calculator-FinalUITests";
			sourceTree = "<group>";
		};
/* End PBXGroup section */

/* Begin PBXNativeTarget section */
		16D0405F2109561900F9019C /* Calculator-Final */ = {
			isa = PBXNativeTarget;
			buildConfigurationList = 16D0408B2109561A00F9019C /* Build configuration list for PBXNativeTarget "Calculator-Final" */;
			buildPhases = (
				16D0405C2109561900F9019C /* Sources */,
				16D0405D2109561900F9019C /* Frameworks */,
				16D0405E2109561900F9019C /* Resources */,
			);
			buildRules = (
			);
			dependencies = (
			);
			name = "Calculator-Final";
			productName = "Calculator-Final";
			productReference = 16D040602109561900F9019C /* Calculator-Final.app */;
			productType = "com.apple.product-type.application";
		};
		16D040762109561A00F9019C /* Calculator-FinalTests */ = {
			isa = PBXNativeTarget;
			buildConfigurationList = 16D0408E2109561A00F9019C /* Build configuration list for PBXNativeTarget "Calculator-FinalTests" */;
			buildPhases = (
				16D040732109561A00F9019C /* Sources */,
				16D040742109561A00F9019C /* Frameworks */,
				16D040752109561A00F9019C /* Resources */,
			);
			buildRules = (
			);
			dependencies = (
				16D040792109561A00F9019C /* PBXTargetDependency */,
			);
			name = "Calculator-FinalTests";
			productName = "Calculator-FinalTests";
			productReference = 16D040772109561A00F9019C /* Calculator-FinalTests.xctest */;
			productType = "com.apple.product-type.bundle.unit-test";
		};
		16D040812109561A00F9019C /* Calculator-FinalUITests */ = {
			isa = PBXNativeTarget;
			buildConfigurationList = 16D040912109561A00F9019C /* Build configuration list for PBXNativeTarget "Calculator-FinalUITests" */;
			buildPhases = (
				16D0407E2109561A00F9019C /* Sources */,
				16D0407F2109561A00F9019C /* Frameworks */,
				16D040802109561A00F9019C /* Resources */,
			);
			buildRules = (
			);
			dependencies = (
				16D040842109561A00F9019C /* PBXTargetDependency */,
			);
			name = "Calculator-FinalUITests";
			productName = "Calculator-FinalUITests";
			productReference = 16D040822109561A00F9019C /* Calculator-FinalUITests.xctest */;
			productType = "com.apple.product-type.bundle.ui-testing";
		};
/* End PBXNativeTarget section */

/* Begin PBXProject section */
		16D040582109561900F9019C /* Project object */ = {
			isa = PBXProject;
			attributes = {
				LastSwiftUpdateCheck = 0940;
				LastUpgradeCheck = 0940;
				ORGANIZATIONNAME = "Anand Kulkarni";
				TargetAttributes = {
					16D0405F2109561900F9019C = {
						CreatedOnToolsVersion = 9.4.1;
					};
					16D040762109561A00F9019C = {
						CreatedOnToolsVersion = 9.4.1;
						TestTargetID = 16D0405F2109561900F9019C;
					};
					16D040812109561A00F9019C = {
						CreatedOnToolsVersion = 9.4.1;
						TestTargetID = 16D0405F2109561900F9019C;
					};
				};
			};
			buildConfigurationList = 16D0405B2109561900F9019C /* Build configuration list for PBXProject "Calculator-Final" */;
			compatibilityVersion = "Xcode 9.3";
			developmentRegion = en;
			hasScannedForEncodings = 0;
			knownRegions = (
				en,
				Base,
			);
			mainGroup = 16D040572109561900F9019C;
			productRefGroup = 16D040612109561900F9019C /* Products */;
			projectDirPath = "";
			projectRoot = "";
			targets = (
				16D0405F2109561900F9019C /* Calculator-Final */,
				16D040762109561A00F9019C /* Calculator-FinalTests */,
				16D040812109561A00F9019C /* Calculator-FinalUITests */,
			);
		};
/* End PBXProject section */

/* Begin PBXResourcesBuildPhase section */
		16D0405E2109561900F9019C /* Resources */ = {
			isa = PBXResourcesBuildPhase;
			buildActionMask = 2147483647;
			files = (
				16D040712109561A00F9019C /* LaunchScreen.storyboard in Resources */,
				16D0406E2109561A00F9019C /* Assets.xcassets in Resources */,
				16D040692109561900F9019C /* Main.storyboard in Resources */,
			);
			runOnlyForDeploymentPostprocessing = 0;
		};
		16D040752109561A00F9019C /* Resources */ = {
			isa = PBXResourcesBuildPhase;
			buildActionMask = 2147483647;
			files = (
			);
			runOnlyForDeploymentPostprocessing = 0;
		};
		16D040802109561A00F9019C /* Resources */ = {
			isa = PBXResourcesBuildPhase;
			buildActionMask = 2147483647;
			files = (
			);
			runOnlyForDeploymentPostprocessing = 0;
		};
/* End PBXResourcesBuildPhase section */

/* Begin PBXSourcesBuildPhase section */
		16D0405C2109561900F9019C /* Sources */ = {
			isa = PBXSourcesBuildPhase;
			buildActionMask = 2147483647;
			files = (
				16D040642109561900F9019C /* AppDelegate.swift in Sources */,
				165EC696210B7A9600F60C3D /* ConversionViewController.swift in Sources */,
				16D0406C2109561900F9019C /* Calculator_Final.xcdatamodeld in Sources */,
			);
			runOnlyForDeploymentPostprocessing = 0;
		};
		16D040732109561A00F9019C /* Sources */ = {
			isa = PBXSourcesBuildPhase;
			buildActionMask = 2147483647;
			files = (
				16D0407C2109561A00F9019C /* Calculator_FinalTests.swift in Sources */,
			);
			runOnlyForDeploymentPostprocessing = 0;
		};
		16D0407E2109561A00F9019C /* Sources */ = {
			isa = PBXSourcesBuildPhase;
			buildActionMask = 2147483647;
			files = (
				16D040872109561A00F9019C /* Calculator_FinalUITests.swift in Sources */,
			);
			runOnlyForDeploymentPostprocessing = 0;
		};
/* End PBXSourcesBuildPhase section */

/* Begin PBXTargetDependency section */
		16D040792109561A00F9019C /* PBXTargetDependency */ = {
			isa = PBXTargetDependency;
			target = 16D0405F2109561900F9019C /* Calculator-Final */;
			targetProxy = 16D040782109561A00F9019C /* PBXContainerItemProxy */;
		};
		16D040842109561A00F9019C /* PBXTargetDependency */ = {
			isa = PBXTargetDependency;
			target = 16D0405F2109561900F9019C /* Calculator-Final */;
			targetProxy = 16D040832109561A00F9019C /* PBXContainerItemProxy */;
		};
/* End PBXTargetDependency section */

/* Begin PBXVariantGroup section */
		16D040672109561900F9019C /* Main.storyboard */ = {
			isa = PBXVariantGroup;
			children = (
				16D040682109561900F9019C /* Base */,
			);
			name = Main.storyboard;
			sourceTree = "<group>";
		};
		16D0406F2109561A00F9019C /* LaunchScreen.storyboard */ = {
			isa = PBXVariantGroup;
			children = (
				16D040702109561A00F9019C /* Base */,
			);
			name = LaunchScreen.storyboard;
			sourceTree = "<group>";
		};
/* End PBXVariantGroup section */

/* Begin XCBuildConfiguration section */
		16D040892109561A00F9019C /* Debug */ = {
			isa = XCBuildConfiguration;
			buildSettings = {
				ALWAYS_SEARCH_USER_PATHS = NO;
				CLANG_ANALYZER_NONNULL = YES;
				CLANG_ANALYZER_NUMBER_OBJECT_CONVERSION = YES_AGGRESSIVE;
				CLANG_CXX_LANGUAGE_STANDARD = "gnu++14";
				CLANG_CXX_LIBRARY = "libc++";
				CLANG_ENABLE_MODULES = YES;
				CLANG_ENABLE_OBJC_ARC = YES;
				CLANG_ENABLE_OBJC_WEAK = YES;
				CLANG_WARN_BLOCK_CAPTURE_AUTORELEASING = YES;
				CLANG_WARN_BOOL_CONVERSION = YES;
				CLANG_WARN_COMMA = YES;
				CLANG_WARN_CONSTANT_CONVERSION = YES;
				CLANG_WARN_DEPRECATED_OBJC_IMPLEMENTATIONS = YES;
				CLANG_WARN_DIRECT_OBJC_ISA_USAGE = YES_ERROR;
				CLANG_WARN_DOCUMENTATION_COMMENTS = YES;
				CLANG_WARN_EMPTY_BODY = YES;
				CLANG_WARN_ENUM_CONVERSION = YES;
				CLANG_WARN_INFINITE_RECURSION = YES;
				CLANG_WARN_INT_CONVERSION = YES;
				CLANG_WARN_NON_LITERAL_NULL_CONVERSION = YES;
				CLANG_WARN_OBJC_IMPLICIT_RETAIN_SELF = YES;
				CLANG_WARN_OBJC_LITERAL_CONVERSION = YES;
				CLANG_WARN_OBJC_ROOT_CLASS = YES_ERROR;
				CLANG_WARN_RANGE_LOOP_ANALYSIS = YES;
				CLANG_WARN_STRICT_PROTOTYPES = YES;
				CLANG_WARN_SUSPICIOUS_MOVE = YES;
				CLANG_WARN_UNGUARDED_AVAILABILITY = YES_AGGRESSIVE;
				CLANG_WARN_UNREACHABLE_CODE = YES;
				CLANG_WARN__DUPLICATE_METHOD_MATCH = YES;
				CODE_SIGN_IDENTITY = "iPhone Developer";
				COPY_PHASE_STRIP = NO;
				DEBUG_INFORMATION_FORMAT = dwarf;
				ENABLE_STRICT_OBJC_MSGSEND = YES;
				ENABLE_TESTABILITY = YES;
				GCC_C_LANGUAGE_STANDARD = gnu11;
				GCC_DYNAMIC_NO_PIC = NO;
				GCC_NO_COMMON_BLOCKS = YES;
				GCC_OPTIMIZATION_LEVEL = 0;
				GCC_PREPROCESSOR_DEFINITIONS = (
					"DEBUG=1",
					"$(inherited)",
				);
				GCC_WARN_64_TO_32_BIT_CONVERSION = YES;
				GCC_WARN_ABOUT_RETURN_TYPE = YES_ERROR;
				GCC_WARN_UNDECLARED_SELECTOR = YES;
				GCC_WARN_UNINITIALIZED_AUTOS = YES_AGGRESSIVE;
				GCC_WARN_UNUSED_FUNCTION = YES;
				GCC_WARN_UNUSED_VARIABLE = YES;
				IPHONEOS_DEPLOYMENT_TARGET = 11.4;
				MTL_ENABLE_DEBUG_INFO = YES;
				ONLY_ACTIVE_ARCH = YES;
				SDKROOT = iphoneos;
				SWIFT_ACTIVE_COMPILATION_CONDITIONS = DEBUG;
				SWIFT_OPTIMIZATION_LEVEL = "-Onone";
			};
			name = Debug;
		};
		16D0408A2109561A00F9019C /* Release */ = {
			isa = XCBuildConfiguration;
			buildSettings = {
				ALWAYS_SEARCH_USER_PATHS = NO;
				CLANG_ANALYZER_NONNULL = YES;
				CLANG_ANALYZER_NUMBER_OBJECT_CONVERSION = YES_AGGRESSIVE;
				CLANG_CXX_LANGUAGE_STANDARD = "gnu++14";
				CLANG_CXX_LIBRARY = "libc++";
				CLANG_ENABLE_MODULES = YES;
				CLANG_ENABLE_OBJC_ARC = YES;
				CLANG_ENABLE_OBJC_WEAK = YES;
				CLANG_WARN_BLOCK_CAPTURE_AUTORELEASING = YES;
				CLANG_WARN_BOOL_CONVERSION = YES;
				CLANG_WARN_COMMA = YES;
				CLANG_WARN_CONSTANT_CONVERSION = YES;
				CLANG_WARN_DEPRECATED_OBJC_IMPLEMENTATIONS = YES;
				CLANG_WARN_DIRECT_OBJC_ISA_USAGE = YES_ERROR;
				CLANG_WARN_DOCUMENTATION_COMMENTS = YES;
				CLANG_WARN_EMPTY_BODY = YES;
				CLANG_WARN_ENUM_CONVERSION = YES;
				CLANG_WARN_INFINITE_RECURSION = YES;
				CLANG_WARN_INT_CONVERSION = YES;
				CLANG_WARN_NON_LITERAL_NULL_CONVERSION = YES;
				CLANG_WARN_OBJC_IMPLICIT_RETAIN_SELF = YES;
				CLANG_WARN_OBJC_LITERAL_CONVERSION = YES;
				CLANG_WARN_OBJC_ROOT_CLASS = YES_ERROR;
				CLANG_WARN_RANGE_LOOP_ANALYSIS = YES;
				CLANG_WARN_STRICT_PROTOTYPES = YES;
				CLANG_WARN_SUSPICIOUS_MOVE = YES;
				CLANG_WARN_UNGUARDED_AVAILABILITY = YES_AGGRESSIVE;
				CLANG_WARN_UNREACHABLE_CODE = YES;
				CLANG_WARN__DUPLICATE_METHOD_MATCH = YES;
				CODE_SIGN_IDENTITY = "iPhone Developer";
				COPY_PHASE_STRIP = NO;
				DEBUG_INFORMATION_FORMAT = "dwarf-with-dsym";
				ENABLE_NS_ASSERTIONS = NO;
				ENABLE_STRICT_OBJC_MSGSEND = YES;
				GCC_C_LANGUAGE_STANDARD = gnu11;
				GCC_NO_COMMON_BLOCKS = YES;
				GCC_WARN_64_TO_32_BIT_CONVERSION = YES;
				GCC_WARN_ABOUT_RETURN_TYPE = YES_ERROR;
				GCC_WARN_UNDECLARED_SELECTOR = YES;
				GCC_WARN_UNINITIALIZED_AUTOS = YES_AGGRESSIVE;
				GCC_WARN_UNUSED_FUNCTION = YES;
				GCC_WARN_UNUSED_VARIABLE = YES;
				IPHONEOS_DEPLOYMENT_TARGET = 11.4;
				MTL_ENABLE_DEBUG_INFO = NO;
				SDKROOT = iphoneos;
				SWIFT_COMPILATION_MODE = wholemodule;
				SWIFT_OPTIMIZATION_LEVEL = "-O";
				VALIDATE_PRODUCT = YES;
			};
			name = Release;
		};
		16D0408C2109561A00F9019C /* Debug */ = {
			isa = XCBuildConfiguration;
			buildSettings = {
				ASSETCATALOG_COMPILER_APPICON_NAME = AppIcon;
				CODE_SIGN_STYLE = Automatic;
				INFOPLIST_FILE = "Calculator-Final/Info.plist";
				LD_RUNPATH_SEARCH_PATHS = (
					"$(inherited)",
					"@executable_path/Frameworks",
				);
				PRODUCT_BUNDLE_IDENTIFIER = "mail.missouri.Calculator-Final";
				PRODUCT_NAME = "$(TARGET_NAME)";
				SWIFT_VERSION = 4.0;
				TARGETED_DEVICE_FAMILY = "1,2";
			};
			name = Debug;
		};
		16D0408D2109561A00F9019C /* Release */ = {
			isa = XCBuildConfiguration;
			buildSettings = {
				ASSETCATALOG_COMPILER_APPICON_NAME = AppIcon;
				CODE_SIGN_STYLE = Automatic;
				INFOPLIST_FILE = "Calculator-Final/Info.plist";
				LD_RUNPATH_SEARCH_PATHS = (
					"$(inherited)",
					"@executable_path/Frameworks",
				);
				PRODUCT_BUNDLE_IDENTIFIER = "mail.missouri.Calculator-Final";
				PRODUCT_NAME = "$(TARGET_NAME)";
				SWIFT_VERSION = 4.0;
				TARGETED_DEVICE_FAMILY = "1,2";
			};
			name = Release;
		};
		16D0408F2109561A00F9019C /* Debug */ = {
			isa = XCBuildConfiguration;
			buildSettings = {
				ALWAYS_EMBED_SWIFT_STANDARD_LIBRARIES = YES;
				BUNDLE_LOADER = "$(TEST_HOST)";
				CODE_SIGN_STYLE = Automatic;
				INFOPLIST_FILE = "Calculator-FinalTests/Info.plist";
				LD_RUNPATH_SEARCH_PATHS = (
					"$(inherited)",
					"@executable_path/Frameworks",
					"@loader_path/Frameworks",
				);
				PRODUCT_BUNDLE_IDENTIFIER = "mail.missouri.Calculator-FinalTests";
				PRODUCT_NAME = "$(TARGET_NAME)";
				SWIFT_VERSION = 4.0;
				TARGETED_DEVICE_FAMILY = "1,2";
				TEST_HOST = "$(BUILT_PRODUCTS_DIR)/Calculator-Final.app/Calculator-Final";
			};
			name = Debug;
		};
		16D040902109561A00F9019C /* Release */ = {
			isa = XCBuildConfiguration;
			buildSettings = {
				ALWAYS_EMBED_SWIFT_STANDARD_LIBRARIES = YES;
				BUNDLE_LOADER = "$(TEST_HOST)";
				CODE_SIGN_STYLE = Automatic;
				INFOPLIST_FILE = "Calculator-FinalTests/Info.plist";
				LD_RUNPATH_SEARCH_PATHS = (
					"$(inherited)",
					"@executable_path/Frameworks",
					"@loader_path/Frameworks",
				);
				PRODUCT_BUNDLE_IDENTIFIER = "mail.missouri.Calculator-FinalTests";
				PRODUCT_NAME = "$(TARGET_NAME)";
				SWIFT_VERSION = 4.0;
				TARGETED_DEVICE_FAMILY = "1,2";
				TEST_HOST = "$(BUILT_PRODUCTS_DIR)/Calculator-Final.app/Calculator-Final";
			};
			name = Release;
		};
		16D040922109561A00F9019C /* Debug */ = {
			isa = XCBuildConfiguration;
			buildSettings = {
				ALWAYS_EMBED_SWIFT_STANDARD_LIBRARIES = YES;
				CODE_SIGN_STYLE = Automatic;
				INFOPLIST_FILE = "Calculator-FinalUITests/Info.plist";
				LD_RUNPATH_SEARCH_PATHS = (
					"$(inherited)",
					"@executable_path/Frameworks",
					"@loader_path/Frameworks",
				);
				PRODUCT_BUNDLE_IDENTIFIER = "mail.missouri.Calculator-FinalUITests";
				PRODUCT_NAME = "$(TARGET_NAME)";
				SWIFT_VERSION = 4.0;
				TARGETED_DEVICE_FAMILY = "1,2";
				TEST_TARGET_NAME = "Calculator-Final";
			};
			name = Debug;
		};
		16D040932109561A00F9019C /* Release */ = {
			isa = XCBuildConfiguration;
			buildSettings = {
				ALWAYS_EMBED_SWIFT_STANDARD_LIBRARIES = YES;
				CODE_SIGN_STYLE = Automatic;
				INFOPLIST_FILE = "Calculator-FinalUITests/Info.plist";
				LD_RUNPATH_SEARCH_PATHS = (
					"$(inherited)",
					"@executable_path/Frameworks",
					"@loader_path/Frameworks",
				);
				PRODUCT_BUNDLE_IDENTIFIER = "mail.missouri.Calculator-FinalUITests";
				PRODUCT_NAME = "$(TARGET_NAME)";
				SWIFT_VERSION = 4.0;
				TARGETED_DEVICE_FAMILY = "1,2";
				TEST_TARGET_NAME = "Calculator-Final";
			};
			name = Release;
		};
/* End XCBuildConfiguration section */

/* Begin XCConfigurationList section */
		16D0405B2109561900F9019C /* Build configuration list for PBXProject "Calculator-Final" */ = {
			isa = XCConfigurationList;
			buildConfigurations = (
				16D040892109561A00F9019C /* Debug */,
				16D0408A2109561A00F9019C /* Release */,
			);
			defaultConfigurationIsVisible = 0;
			defaultConfigurationName = Release;
		};
		16D0408B2109561A00F9019C /* Build configuration list for PBXNativeTarget "Calculator-Final" */ = {
			isa = XCConfigurationList;
			buildConfigurations = (
				16D0408C2109561A00F9019C /* Debug */,
				16D0408D2109561A00F9019C /* Release */,
			);
			defaultConfigurationIsVisible = 0;
			defaultConfigurationName = Release;
		};
		16D0408E2109561A00F9019C /* Build configuration list for PBXNativeTarget "Calculator-FinalTests" */ = {
			isa = XCConfigurationList;
			buildConfigurations = (
				16D0408F2109561A00F9019C /* Debug */,
				16D040902109561A00F9019C /* Release */,
			);
			defaultConfigurationIsVisible = 0;
			defaultConfigurationName = Release;
		};
		16D040912109561A00F9019C /* Build configuration list for PBXNativeTarget "Calculator-FinalUITests" */ = {
			isa = XCConfigurationList;
			buildConfigurations = (
				16D040922109561A00F9019C /* Debug */,
				16D040932109561A00F9019C /* Release */,
			);
			defaultConfigurationIsVisible = 0;
			defaultConfigurationName = Release;
		};
/* End XCConfigurationList section */

/* Begin XCVersionGroup section */
		16D0406A2109561900F9019C /* Calculator_Final.xcdatamodeld */ = {
			isa = XCVersionGroup;
			children = (
				16D0406B2109561900F9019C /* Calculator_Final.xcdatamodel */,
			);
			currentVersion = 16D0406B2109561900F9019C /* Calculator_Final.xcdatamodel */;
			path = Calculator_Final.xcdatamodeld;
			sourceTree = "<group>";
			versionGroupType = wrapper.xcdatamodel;
		};
/* End XCVersionGroup section */
	};
	rootObject = 16D040582109561900F9019C /* Project object */;
}
